
Microsoft Visual Studio Solution File, Format Version 12.00
# Visual Studio Version 17
VisualStudioVersion = 17.14.36811.4 d17.14
MinimumVisualStudioVersion = 10.0.40219.1
Project("{F184B08F-C81C-45F6-A57F-5ABD9991F28F}") = "GmLogicAI", "GmLogicAI\GmLogicAI.vbproj", "{16A2C0C5-E45C-4857-89DA-6D8FF5B9361F}"
EndProject
Global
	GlobalSection(SolutionConfigurationPlatforms) = preSolution
		Debug|Any CPU = Debug|Any CPU
		Release|Any CPU = Release|Any CPU
	EndGlobalSection
	GlobalSection(ProjectConfigurationPlatforms) = postSolution
		{16A2C0C5-E45C-4857-89DA-6D8FF5B9361F}.Debug|Any CPU.ActiveCfg = Debug|Any CPU
		{16A2C0C5-E45C-4857-89DA-6D8FF5B9361F}.Debug|Any CPU.Build.0 = Debug|Any CPU
		{16A2C0C5-E45C-4857-89DA-6D8FF5B9361F}.Release|Any CPU.ActiveCfg = Release|Any CPU
		{16A2C0C5-E45C-4857-89DA-6D8FF5B9361F}.Release|Any CPU.Build.0 = Release|Any CPU
	EndGlobalSection
	GlobalSection(SolutionProperties) = preSolution
		HideSolutionNode = FALSE
	EndGlobalSection
	GlobalSection(ExtensibilityGlobals) = postSolution
		SolutionGuid = {24863695-80EC-421C-8CF1-C013220DFE57}
	EndGlobalSection
EndGlobal
